
Microsoft Visual Studio Solution File, Format Version 12.00
# Visual Studio Version 17
VisualStudioVersion = 17.9.34701.34
MinimumVisualStudioVersion = 10.0.40219.1
Project("{FAE04EC0-301F-11D3-BF4B-00C04F79EFBC}") = "Restaurant", "Restaurant\Restaurant.csproj", "{31C74F6D-DBE4-4017-A476-CFBCB1D62136}"
EndProject
Global
	GlobalSection(SolutionConfigurationPlatforms) = preSolution
		Debug|Any CPU = Debug|Any CPU
		Release|Any CPU = Release|Any CPU
	EndGlobalSection
	GlobalSection(ProjectConfigurationPlatforms) = postSolution
		{31C74F6D-DBE4-4017-A476-CFBCB1D62136}.Debug|Any CPU.ActiveCfg = Debug|Any CPU
		{31C74F6D-DBE4-4017-A476-CFBCB1D62136}.Debug|Any CPU.Build.0 = Debug|Any CPU
		{31C74F6D-DBE4-4017-A476-CFBCB1D62136}.Release|Any CPU.ActiveCfg = Release|Any CPU
		{31C74F6D-DBE4-4017-A476-CFBCB1D62136}.Release|Any CPU.Build.0 = Release|Any CPU
	EndGlobalSection
	GlobalSection(SolutionProperties) = preSolution
		HideSolutionNode = FALSE
	EndGlobalSection
	GlobalSection(ExtensibilityGlobals) = postSolution
		SolutionGuid = {E0125E51-7322-4377-8FF3-115188B9597A}
	EndGlobalSection
EndGlobal
